
Microsoft Visual Studio Solution File, Format Version 12.00
# Visual Studio Version 16
VisualStudioVersion = 16.0.30517.126
MinimumVisualStudioVersion = 10.0.40219.1
Project("{FAE04EC0-301F-11D3-BF4B-00C04F79EFBC}") = "png2winico", "png2winico.csproj", "{3B98FF21-EA8D-447D-9354-2C5593FFD935}"
EndProject
Global
	GlobalSection(SolutionConfigurationPlatforms) = preSolution
		Debug|Any CPU = Debug|Any CPU
		Release|Any CPU = Release|Any CPU
	EndGlobalSection
	GlobalSection(ProjectConfigurationPlatforms) = postSolution
		{3B98FF21-EA8D-447D-9354-2C5593FFD935}.Debug|Any CPU.ActiveCfg = Debug|Any CPU
		{3B98FF21-EA8D-447D-9354-2C5593FFD935}.Debug|Any CPU.Build.0 = Debug|Any CPU
		{3B98FF21-EA8D-447D-9354-2C5593FFD935}.Release|Any CPU.ActiveCfg = Release|Any CPU
		{3B98FF21-EA8D-447D-9354-2C5593FFD935}.Release|Any CPU.Build.0 = Release|Any CPU
	EndGlobalSection
	GlobalSection(SolutionProperties) = preSolution
		HideSolutionNode = FALSE
	EndGlobalSection
	GlobalSection(ExtensibilityGlobals) = postSolution
		SolutionGuid = {5057DA6E-3C37-415E-84BF-13594563D133}
	EndGlobalSection
EndGlobal
